
Microsoft Visual Studio Solution File, Format Version 12.00
# Visual Studio Version 17
VisualStudioVersion = 17.0.32112.339
MinimumVisualStudioVersion = 10.0.40219.1
Project("{FAE04EC0-301F-11D3-BF4B-00C04F79EFBC}") = "Thot_v3", "Thot_v3.csproj", "{0077BAD3-7656-4E41-A126-E3F16330A718}"
EndProject
Global
	GlobalSection(SolutionConfigurationPlatforms) = preSolution
		Debug|Any CPU = Debug|Any CPU
		Release|Any CPU = Release|Any CPU
	EndGlobalSection
	GlobalSection(ProjectConfigurationPlatforms) = postSolution
		{0077BAD3-7656-4E41-A126-E3F16330A718}.Debug|Any CPU.ActiveCfg = Debug|Any CPU
		{0077BAD3-7656-4E41-A126-E3F16330A718}.Debug|Any CPU.Build.0 = Debug|Any CPU
		{0077BAD3-7656-4E41-A126-E3F16330A718}.Release|Any CPU.ActiveCfg = Release|Any CPU
		{0077BAD3-7656-4E41-A126-E3F16330A718}.Release|Any CPU.Build.0 = Release|Any CPU
	EndGlobalSection
	GlobalSection(SolutionProperties) = preSolution
		HideSolutionNode = FALSE
	EndGlobalSection
	GlobalSection(ExtensibilityGlobals) = postSolution
		SolutionGuid = {8BDBC186-21DF-498C-AA9A-3D2383A7CC73}
	EndGlobalSection
EndGlobal
